
Microsoft Visual Studio Solution File, Format Version 12.00
Project("{FAE04EC0-301F-11D3-BF4B-00C04F79EFBC}") = "Provider", "Provider\Provider.csproj", "{A26E5355-B533-4645-BC08-EF2A6280BBC2}"
EndProject
Project("{FAE04EC0-301F-11D3-BF4B-00C04F79EFBC}") = "Common", "Common\Common.csproj", "{5F119C6A-A673-4CC2-BA19-CAC0C11DE591}"
EndProject
Global
	GlobalSection(SolutionConfigurationPlatforms) = preSolution
		Debug|Any CPU = Debug|Any CPU
		Release|Any CPU = Release|Any CPU
	EndGlobalSection
	GlobalSection(ProjectConfigurationPlatforms) = postSolution
		{A26E5355-B533-4645-BC08-EF2A6280BBC2}.Debug|Any CPU.ActiveCfg = Debug|Any CPU
		{A26E5355-B533-4645-BC08-EF2A6280BBC2}.Debug|Any CPU.Build.0 = Debug|Any CPU
		{A26E5355-B533-4645-BC08-EF2A6280BBC2}.Release|Any CPU.ActiveCfg = Release|Any CPU
		{A26E5355-B533-4645-BC08-EF2A6280BBC2}.Release|Any CPU.Build.0 = Release|Any CPU
		{5F119C6A-A673-4CC2-BA19-CAC0C11DE591}.Debug|Any CPU.ActiveCfg = Debug|Any CPU
		{5F119C6A-A673-4CC2-BA19-CAC0C11DE591}.Debug|Any CPU.Build.0 = Debug|Any CPU
		{5F119C6A-A673-4CC2-BA19-CAC0C11DE591}.Release|Any CPU.ActiveCfg = Release|Any CPU
		{5F119C6A-A673-4CC2-BA19-CAC0C11DE591}.Release|Any CPU.Build.0 = Release|Any CPU
	EndGlobalSection
EndGlobal
